
Microsoft Visual Studio Solution File, Format Version 12.00
# Visual Studio Version 16
VisualStudioVersion = 16.0.29418.71
MinimumVisualStudioVersion = 10.0.40219.1
Project("{9A19103F-16F7-4668-BE54-9A1E7A4F7556}") = "NzbLiteClient", "NzbLiteClient.csproj", "{9D96A070-B7B4-4719-8B61-8CB2325DA235}"
EndProject
Global
	GlobalSection(SolutionConfigurationPlatforms) = preSolution
		Debug|Any CPU = Debug|Any CPU
		Release|Any CPU = Release|Any CPU
	EndGlobalSection
	GlobalSection(ProjectConfigurationPlatforms) = postSolution
		{9D96A070-B7B4-4719-8B61-8CB2325DA235}.Debug|Any CPU.ActiveCfg = Debug|Any CPU
		{9D96A070-B7B4-4719-8B61-8CB2325DA235}.Debug|Any CPU.Build.0 = Debug|Any CPU
		{9D96A070-B7B4-4719-8B61-8CB2325DA235}.Release|Any CPU.ActiveCfg = Release|Any CPU
		{9D96A070-B7B4-4719-8B61-8CB2325DA235}.Release|Any CPU.Build.0 = Release|Any CPU
	EndGlobalSection
	GlobalSection(SolutionProperties) = preSolution
		HideSolutionNode = FALSE
	EndGlobalSection
	GlobalSection(ExtensibilityGlobals) = postSolution
		SolutionGuid = {C94DEB71-B582-4F78-9B4C-013C9F710519}
	EndGlobalSection
EndGlobal
